// !$*UTF8*$!
{
	archiveVersion = 1;
	classes = {
	};
	objectVersion = 55;
	objects = {

/* Begin PBXBuildFile section */
		B645C4A6275FCDC000AE1810 /* QuoteCollectorApp.swift in Sources */ = {isa = PBXBuildFile; fileRef = B645C4A5275FCDC000AE1810 /* QuoteCollectorApp.swift */; };
		B645C4A8275FCDC000AE1810 /* ContentView.swift in Sources */ = {isa = PBXBuildFile; fileRef = B645C4A7275FCDC000AE1810 /* ContentView.swift */; };
		B645C4AA275FCDC100AE1810 /* Assets.xcassets in Resources */ = {isa = PBXBuildFile; fileRef = B645C4A9275FCDC100AE1810 /* Assets.xcassets */; };
		B645C4AD275FCDC100AE1810 /* Preview Assets.xcassets in Resources */ = {isa = PBXBuildFile; fileRef = B645C4AC275FCDC100AE1810 /* Preview Assets.xcassets */; };
		B645C4AF275FCDC100AE1810 /* PersistenceManager.swift in Sources */ = {isa = PBXBuildFile; fileRef = B645C4AE275FCDC100AE1810 /* PersistenceManager.swift */; };
		B645C4BC275FCDC200AE1810 /* QuoteCollectorTests.swift in Sources */ = {isa = PBXBuildFile; fileRef = B645C4BB275FCDC200AE1810 /* QuoteCollectorTests.swift */; };
		B645C4C6275FCDC200AE1810 /* QuoteCollectorUITests.swift in Sources */ = {isa = PBXBuildFile; fileRef = B645C4C5275FCDC200AE1810 /* QuoteCollectorUITests.swift */; };
		B645C4C8275FCDC200AE1810 /* QuoteCollectorUITestsLaunchTests.swift in Sources */ = {isa = PBXBuildFile; fileRef = B645C4C7275FCDC200AE1810 /* QuoteCollectorUITestsLaunchTests.swift */; };
		B645C4E0275FDEBC00AE1810 /* QuoteCollection.swift in Sources */ = {isa = PBXBuildFile; fileRef = B645C4DC275FDEBC00AE1810 /* QuoteCollection.swift */; };
		B645C4E2275FDEBC00AE1810 /* Quote.swift in Sources */ = {isa = PBXBuildFile; fileRef = B645C4DE275FDEBC00AE1810 /* Quote.swift */; };
		B645C4ED275FEA0700AE1810 /* QuoteCollectionRowView.swift in Sources */ = {isa = PBXBuildFile; fileRef = B645C4EC275FEA0700AE1810 /* QuoteCollectionRowView.swift */; };
		B6843A0F27664D7A00894D44 /* QuoteCollector.xcdatamodeld in Sources */ = {isa = PBXBuildFile; fileRef = B6843A0D27664D7A00894D44 /* QuoteCollector.xcdatamodeld */; };
		B686F6C827666EB200FC8573 /* QuoteListView.swift in Sources */ = {isa = PBXBuildFile; fileRef = B686F6C727666EB200FC8573 /* QuoteListView.swift */; };
		B686F6CA27666ED200FC8573 /* QuoteRowView.swift in Sources */ = {isa = PBXBuildFile; fileRef = B686F6C927666ED200FC8573 /* QuoteRowView.swift */; };
		B686F6CC27666EE000FC8573 /* QuoteView.swift in Sources */ = {isa = PBXBuildFile; fileRef = B686F6CB27666EE000FC8573 /* QuoteView.swift */; };
		B686F6CE2766737200FC8573 /* SortQuotesView.swift in Sources */ = {isa = PBXBuildFile; fileRef = B686F6CD2766737200FC8573 /* SortQuotesView.swift */; };
		B686F6D02766745100FC8573 /* AddQuoteView.swift in Sources */ = {isa = PBXBuildFile; fileRef = B686F6CF2766745100FC8573 /* AddQuoteView.swift */; };
		B687317127644197001FE9A0 /* QuoteCollectionListViewModel.swift in Sources */ = {isa = PBXBuildFile; fileRef = B687317027644197001FE9A0 /* QuoteCollectionListViewModel.swift */; };
		B6873173276443B7001FE9A0 /* AddQuoteCollectionViewModel.swift in Sources */ = {isa = PBXBuildFile; fileRef = B6873172276443B7001FE9A0 /* AddQuoteCollectionViewModel.swift */; };
		B687317527644420001FE9A0 /* AddQuoteViewModel.swift in Sources */ = {isa = PBXBuildFile; fileRef = B687317427644420001FE9A0 /* AddQuoteViewModel.swift */; };
		B687317727644B21001FE9A0 /* AddQuoteCollectionView.swift in Sources */ = {isa = PBXBuildFile; fileRef = B687317627644B21001FE9A0 /* AddQuoteCollectionView.swift */; };
		B68731792764568E001FE9A0 /* QuoteListViewModel.swift in Sources */ = {isa = PBXBuildFile; fileRef = B68731782764568E001FE9A0 /* QuoteListViewModel.swift */; };
		B687317B2764573D001FE9A0 /* QuoteCollectionListView.swift in Sources */ = {isa = PBXBuildFile; fileRef = B687317A2764573D001FE9A0 /* QuoteCollectionListView.swift */; };
		B687317D2764583F001FE9A0 /* SortQuoteCollectionsView.swift in Sources */ = {isa = PBXBuildFile; fileRef = B687317C2764583F001FE9A0 /* SortQuoteCollectionsView.swift */; };
		B6BB64C0276FD07E00FA15F2 /* CopyQuoteView.swift in Sources */ = {isa = PBXBuildFile; fileRef = B6BB64BF276FD07E00FA15F2 /* CopyQuoteView.swift */; };
		B6F1AA242763ECB6004D054F /* QuoteCollectionSort.swift in Sources */ = {isa = PBXBuildFile; fileRef = B6F1AA232763ECB6004D054F /* QuoteCollectionSort.swift */; };
		B6F1AA262763ECC4004D054F /* QuoteCollectionValues.swift in Sources */ = {isa = PBXBuildFile; fileRef = B6F1AA252763ECC4004D054F /* QuoteCollectionValues.swift */; };
		B6F1AA282763EE48004D054F /* QuoteValues.swift in Sources */ = {isa = PBXBuildFile; fileRef = B6F1AA272763EE48004D054F /* QuoteValues.swift */; };
		B6F1AA2B2763F055004D054F /* Utility.swift in Sources */ = {isa = PBXBuildFile; fileRef = B6F1AA2A2763F055004D054F /* Utility.swift */; };
		B6F1AA2D2763F344004D054F /* QuoteSort.swift in Sources */ = {isa = PBXBuildFile; fileRef = B6F1AA2C2763F344004D054F /* QuoteSort.swift */; };
/* End PBXBuildFile section */

/* Begin PBXContainerItemProxy section */
		B645C4B8275FCDC100AE1810 /* PBXContainerItemProxy */ = {
			isa = PBXContainerItemProxy;
			containerPortal = B645C49A275FCDC000AE1810 /* Project object */;
			proxyType = 1;
			remoteGlobalIDString = B645C4A1275FCDC000AE1810;
			remoteInfo = QuoteCollector;
		};
		B645C4C2275FCDC200AE1810 /* PBXContainerItemProxy */ = {
			isa = PBXContainerItemProxy;
			containerPortal = B645C49A275FCDC000AE1810 /* Project object */;
			proxyType = 1;
			remoteGlobalIDString = B645C4A1275FCDC000AE1810;
			remoteInfo = QuoteCollector;
		};
/* End PBXContainerItemProxy section */

/* Begin PBXFileReference section */
		B63AE461276E314300FCDFE3 /* Info.plist */ = {isa = PBXFileReference; lastKnownFileType = text.plist; path = Info.plist; sourceTree = "<group>"; };
		B645C4A2275FCDC000AE1810 /* QuoteCollector.app */ = {isa = PBXFileReference; explicitFileType = wrapper.application; includeInIndex = 0; path = QuoteCollector.app; sourceTree = BUILT_PRODUCTS_DIR; };
		B645C4A5275FCDC000AE1810 /* QuoteCollectorApp.swift */ = {isa = PBXFileReference; lastKnownFileType = sourcecode.swift; path = QuoteCollectorApp.swift; sourceTree = "<group>"; };
		B645C4A7275FCDC000AE1810 /* ContentView.swift */ = {isa = PBXFileReference; lastKnownFileType = sourcecode.swift; path = ContentView.swift; sourceTree = "<group>"; };
		B645C4A9275FCDC100AE1810 /* Assets.xcassets */ = {isa = PBXFileReference; lastKnownFileType = folder.assetcatalog; path = Assets.xcassets; sourceTree = "<group>"; };
		B645C4AC275FCDC100AE1810 /* Preview Assets.xcassets */ = {isa = PBXFileReference; lastKnownFileType = folder.assetcatalog; path = "Preview Assets.xcassets"; sourceTree = "<group>"; };
		B645C4AE275FCDC100AE1810 /* PersistenceManager.swift */ = {isa = PBXFileReference; lastKnownFileType = sourcecode.swift; path = PersistenceManager.swift; sourceTree = "<group>"; };
		B645C4B7275FCDC100AE1810 /* QuoteCollectorTests.xctest */ = {isa = PBXFileReference; explicitFileType = wrapper.cfbundle; includeInIndex = 0; path = QuoteCollectorTests.xctest; sourceTree = BUILT_PRODUCTS_DIR; };
		B645C4BB275FCDC200AE1810 /* QuoteCollectorTests.swift */ = {isa = PBXFileReference; lastKnownFileType = sourcecode.swift; path = QuoteCollectorTests.swift; sourceTree = "<group>"; };
		B645C4C1275FCDC200AE1810 /* QuoteCollectorUITests.xctest */ = {isa = PBXFileReference; explicitFileType = wrapper.cfbundle; includeInIndex = 0; path = QuoteCollectorUITests.xctest; sourceTree = BUILT_PRODUCTS_DIR; };
		B645C4C5275FCDC200AE1810 /* QuoteCollectorUITests.swift */ = {isa = PBXFileReference; lastKnownFileType = sourcecode.swift; path = QuoteCollectorUITests.swift; sourceTree = "<group>"; };
		B645C4C7275FCDC200AE1810 /* QuoteCollectorUITestsLaunchTests.swift */ = {isa = PBXFileReference; lastKnownFileType = sourcecode.swift; path = QuoteCollectorUITestsLaunchTests.swift; sourceTree = "<group>"; };
		B645C4DC275FDEBC00AE1810 /* QuoteCollection.swift */ = {isa = PBXFileReference; lastKnownFileType = sourcecode.swift; path = QuoteCollection.swift; sourceTree = "<group>"; };
		B645C4DE275FDEBC00AE1810 /* Quote.swift */ = {isa = PBXFileReference; lastKnownFileType = sourcecode.swift; path = Quote.swift; sourceTree = "<group>"; };
		B645C4EC275FEA0700AE1810 /* QuoteCollectionRowView.swift */ = {isa = PBXFileReference; lastKnownFileType = sourcecode.swift; path = QuoteCollectionRowView.swift; sourceTree = "<group>"; };
		B6843A0E27664D7A00894D44 /* DataModel.xcdatamodel */ = {isa = PBXFileReference; lastKnownFileType = wrapper.xcdatamodel; path = DataModel.xcdatamodel; sourceTree = "<group>"; };
		B686F6C727666EB200FC8573 /* QuoteListView.swift */ = {isa = PBXFileReference; lastKnownFileType = sourcecode.swift; path = QuoteListView.swift; sourceTree = "<group>"; };
		B686F6C927666ED200FC8573 /* QuoteRowView.swift */ = {isa = PBXFileReference; lastKnownFileType = sourcecode.swift; path = QuoteRowView.swift; sourceTree = "<group>"; };
		B686F6CB27666EE000FC8573 /* QuoteView.swift */ = {isa = PBXFileReference; lastKnownFileType = sourcecode.swift; path = QuoteView.swift; sourceTree = "<group>"; };
		B686F6CD2766737200FC8573 /* SortQuotesView.swift */ = {isa = PBXFileReference; lastKnownFileType = sourcecode.swift; path = SortQuotesView.swift; sourceTree = "<group>"; };
		B686F6CF2766745100FC8573 /* AddQuoteView.swift */ = {isa = PBXFileReference; lastKnownFileType = sourcecode.swift; path = AddQuoteView.swift; sourceTree = "<group>"; };
		B687317027644197001FE9A0 /* QuoteCollectionListViewModel.swift */ = {isa = PBXFileReference; lastKnownFileType = sourcecode.swift; path = QuoteCollectionListViewModel.swift; sourceTree = "<group>"; };
		B6873172276443B7001FE9A0 /* AddQuoteCollectionViewModel.swift */ = {isa = PBXFileReference; lastKnownFileType = sourcecode.swift; path = AddQuoteCollectionViewModel.swift; sourceTree = "<group>"; };
		B687317427644420001FE9A0 /* AddQuoteViewModel.swift */ = {isa = PBXFileReference; lastKnownFileType = sourcecode.swift; path = AddQuoteViewModel.swift; sourceTree = "<group>"; };
		B687317627644B21001FE9A0 /* AddQuoteCollectionView.swift */ = {isa = PBXFileReference; lastKnownFileType = sourcecode.swift; path = AddQuoteCollectionView.swift; sourceTree = "<group>"; };
		B68731782764568E001FE9A0 /* QuoteListViewModel.swift */ = {isa = PBXFileReference; lastKnownFileType = sourcecode.swift; path = QuoteListViewModel.swift; sourceTree = "<group>"; };
		B687317A2764573D001FE9A0 /* QuoteCollectionListView.swift */ = {isa = PBXFileReference; lastKnownFileType = sourcecode.swift; path = QuoteCollectionListView.swift; sourceTree = "<group>"; };
		B687317C2764583F001FE9A0 /* SortQuoteCollectionsView.swift */ = {isa = PBXFileReference; lastKnownFileType = sourcecode.swift; path = SortQuoteCollectionsView.swift; sourceTree = "<group>"; };
		B6BB64BF276FD07E00FA15F2 /* CopyQuoteView.swift */ = {isa = PBXFileReference; lastKnownFileType = sourcecode.swift; path = CopyQuoteView.swift; sourceTree = "<group>"; };
		B6F1AA232763ECB6004D054F /* QuoteCollectionSort.swift */ = {isa = PBXFileReference; lastKnownFileType = sourcecode.swift; path = QuoteCollectionSort.swift; sourceTree = "<group>"; };
		B6F1AA252763ECC4004D054F /* QuoteCollectionValues.swift */ = {isa = PBXFileReference; lastKnownFileType = sourcecode.swift; path = QuoteCollectionValues.swift; sourceTree = "<group>"; };
		B6F1AA272763EE48004D054F /* QuoteValues.swift */ = {isa = PBXFileReference; lastKnownFileType = sourcecode.swift; path = QuoteValues.swift; sourceTree = "<group>"; };
		B6F1AA2A2763F055004D054F /* Utility.swift */ = {isa = PBXFileReference; lastKnownFileType = sourcecode.swift; path = Utility.swift; sourceTree = "<group>"; };
		B6F1AA2C2763F344004D054F /* QuoteSort.swift */ = {isa = PBXFileReference; lastKnownFileType = sourcecode.swift; path = QuoteSort.swift; sourceTree = "<group>"; };
/* End PBXFileReference section */

/* Begin PBXFrameworksBuildPhase section */
		B645C49F275FCDC000AE1810 /* Frameworks */ = {
			isa = PBXFrameworksBuildPhase;
			buildActionMask = 2147483647;
			files = (
			);
			runOnlyForDeploymentPostprocessing = 0;
		};
		B645C4B4275FCDC100AE1810 /* Frameworks */ = {
			isa = PBXFrameworksBuildPhase;
			buildActionMask = 2147483647;
			files = (
			);
			runOnlyForDeploymentPostprocessing = 0;
		};
		B645C4BE275FCDC200AE1810 /* Frameworks */ = {
			isa = PBXFrameworksBuildPhase;
			buildActionMask = 2147483647;
			files = (
			);
			runOnlyForDeploymentPostprocessing = 0;
		};
/* End PBXFrameworksBuildPhase section */

/* Begin PBXGroup section */
		B645C499275FCDC000AE1810 = {
			isa = PBXGroup;
			children = (
				B645C4A4275FCDC000AE1810 /* QuoteCollector */,
				B645C4BA275FCDC100AE1810 /* QuoteCollectorTests */,
				B645C4C4275FCDC200AE1810 /* QuoteCollectorUITests */,
				B645C4A3275FCDC000AE1810 /* Products */,
			);
			sourceTree = "<group>";
		};
		B645C4A3275FCDC000AE1810 /* Products */ = {
			isa = PBXGroup;
			children = (
				B645C4A2275FCDC000AE1810 /* QuoteCollector.app */,
				B645C4B7275FCDC100AE1810 /* QuoteCollectorTests.xctest */,
				B645C4C1275FCDC200AE1810 /* QuoteCollectorUITests.xctest */,
			);
			name = Products;
			sourceTree = "<group>";
		};
		B645C4A4275FCDC000AE1810 /* QuoteCollector */ = {
			isa = PBXGroup;
			children = (
				B63AE461276E314300FCDFE3 /* Info.plist */,
				B6F1AA212763EBB7004D054F /* App */,
				B645C4E5275FDF1D00AE1810 /* View */,
				B6F1AA202763EB7D004D054F /* ViewModel */,
				B645C4E4275FDEE300AE1810 /* Model */,
				B690A0142762E6B50005DE05 /* CoreData */,
				B6F1AA292763F043004D054F /* Utility */,
				B6F1AA222763EBBC004D054F /* Resources */,
				B645C4AB275FCDC100AE1810 /* Preview Content */,
			);
			path = QuoteCollector;
			sourceTree = "<group>";
		};
		B645C4AB275FCDC100AE1810 /* Preview Content */ = {
			isa = PBXGroup;
			children = (
				B645C4AC275FCDC100AE1810 /* Preview Assets.xcassets */,
			);
			path = "Preview Content";
			sourceTree = "<group>";
		};
		B645C4BA275FCDC100AE1810 /* QuoteCollectorTests */ = {
			isa = PBXGroup;
			children = (
				B645C4BB275FCDC200AE1810 /* QuoteCollectorTests.swift */,
			);
			path = QuoteCollectorTests;
			sourceTree = "<group>";
		};
		B645C4C4275FCDC200AE1810 /* QuoteCollectorUITests */ = {
			isa = PBXGroup;
			children = (
				B645C4C5275FCDC200AE1810 /* QuoteCollectorUITests.swift */,
				B645C4C7275FCDC200AE1810 /* QuoteCollectorUITestsLaunchTests.swift */,
			);
			path = QuoteCollectorUITests;
			sourceTree = "<group>";
		};
		B645C4E4275FDEE300AE1810 /* Model */ = {
			isa = PBXGroup;
			children = (
				B645C4DE275FDEBC00AE1810 /* Quote.swift */,
				B645C4DC275FDEBC00AE1810 /* QuoteCollection.swift */,
				B6F1AA272763EE48004D054F /* QuoteValues.swift */,
				B6F1AA252763ECC4004D054F /* QuoteCollectionValues.swift */,
				B6F1AA2C2763F344004D054F /* QuoteSort.swift */,
				B6F1AA232763ECB6004D054F /* QuoteCollectionSort.swift */,
			);
			path = Model;
			sourceTree = "<group>";
		};
		B645C4E5275FDF1D00AE1810 /* View */ = {
			isa = PBXGroup;
			children = (
				B645C4A7275FCDC000AE1810 /* ContentView.swift */,
				B687317A2764573D001FE9A0 /* QuoteCollectionListView.swift */,
				B687317C2764583F001FE9A0 /* SortQuoteCollectionsView.swift */,
				B687317627644B21001FE9A0 /* AddQuoteCollectionView.swift */,
				B645C4EC275FEA0700AE1810 /* QuoteCollectionRowView.swift */,
				B686F6C727666EB200FC8573 /* QuoteListView.swift */,
				B686F6CD2766737200FC8573 /* SortQuotesView.swift */,
				B686F6CF2766745100FC8573 /* AddQuoteView.swift */,
				B686F6C927666ED200FC8573 /* QuoteRowView.swift */,
				B686F6CB27666EE000FC8573 /* QuoteView.swift */,
				B6BB64BF276FD07E00FA15F2 /* CopyQuoteView.swift */,
			);
			path = View;
			sourceTree = "<group>";
		};
		B690A0142762E6B50005DE05 /* CoreData */ = {
			isa = PBXGroup;
			children = (
				B645C4AE275FCDC100AE1810 /* PersistenceManager.swift */,
				B6843A0D27664D7A00894D44 /* QuoteCollector.xcdatamodeld */,
			);
			path = CoreData;
			sourceTree = "<group>";
		};
		B6F1AA202763EB7D004D054F /* ViewModel */ = {
			isa = PBXGroup;
			children = (
				B68731782764568E001FE9A0 /* QuoteListViewModel.swift */,
				B687317027644197001FE9A0 /* QuoteCollectionListViewModel.swift */,
				B687317427644420001FE9A0 /* AddQuoteViewModel.swift */,
				B6873172276443B7001FE9A0 /* AddQuoteCollectionViewModel.swift */,
			);
			path = ViewModel;
			sourceTree = "<group>";
		};
		B6F1AA212763EBB7004D054F /* App */ = {
			isa = PBXGroup;
			children = (
				B645C4A5275FCDC000AE1810 /* QuoteCollectorApp.swift */,
			);
			path = App;
			sourceTree = "<group>";
		};
		B6F1AA222763EBBC004D054F /* Resources */ = {
			isa = PBXGroup;
			children = (
				B645C4A9275FCDC100AE1810 /* Assets.xcassets */,
			);
			path = Resources;
			sourceTree = "<group>";
		};
		B6F1AA292763F043004D054F /* Utility */ = {
			isa = PBXGroup;
			children = (
				B6F1AA2A2763F055004D054F /* Utility.swift */,
			);
			path = Utility;
			sourceTree = "<group>";
		};
/* End PBXGroup section */

/* Begin PBXNativeTarget section */
		B645C4A1275FCDC000AE1810 /* QuoteCollector */ = {
			isa = PBXNativeTarget;
			buildConfigurationList = B645C4CB275FCDC200AE1810 /* Build configuration list for PBXNativeTarget "QuoteCollector" */;
			buildPhases = (
				B645C49E275FCDC000AE1810 /* Sources */,
				B645C49F275FCDC000AE1810 /* Frameworks */,
				B645C4A0275FCDC000AE1810 /* Resources */,
			);
			buildRules = (
			);
			dependencies = (
			);
			name = QuoteCollector;
			productName = QuoteCollector;
			productReference = B645C4A2275FCDC000AE1810 /* QuoteCollector.app */;
			productType = "com.apple.product-type.application";
		};
		B645C4B6275FCDC100AE1810 /* QuoteCollectorTests */ = {
			isa = PBXNativeTarget;
			buildConfigurationList = B645C4CE275FCDC200AE1810 /* Build configuration list for PBXNativeTarget "QuoteCollectorTests" */;
			buildPhases = (
				B645C4B3275FCDC100AE1810 /* Sources */,
				B645C4B4275FCDC100AE1810 /* Frameworks */,
				B645C4B5275FCDC100AE1810 /* Resources */,
			);
			buildRules = (
			);
			dependencies = (
				B645C4B9275FCDC100AE1810 /* PBXTargetDependency */,
			);
			name = QuoteCollectorTests;
			productName = QuoteCollectorTests;
			productReference = B645C4B7275FCDC100AE1810 /* QuoteCollectorTests.xctest */;
			productType = "com.apple.product-type.bundle.unit-test";
		};
		B645C4C0275FCDC200AE1810 /* QuoteCollectorUITests */ = {
			isa = PBXNativeTarget;
			buildConfigurationList = B645C4D1275FCDC200AE1810 /* Build configuration list for PBXNativeTarget "QuoteCollectorUITests" */;
			buildPhases = (
				B645C4BD275FCDC200AE1810 /* Sources */,
				B645C4BE275FCDC200AE1810 /* Frameworks */,
				B645C4BF275FCDC200AE1810 /* Resources */,
			);
			buildRules = (
			);
			dependencies = (
				B645C4C3275FCDC200AE1810 /* PBXTargetDependency */,
			);
			name = QuoteCollectorUITests;
			productName = QuoteCollectorUITests;
			productReference = B645C4C1275FCDC200AE1810 /* QuoteCollectorUITests.xctest */;
			productType = "com.apple.product-type.bundle.ui-testing";
		};
/* End PBXNativeTarget section */

/* Begin PBXProject section */
		B645C49A275FCDC000AE1810 /* Project object */ = {
			isa = PBXProject;
			attributes = {
				BuildIndependentTargetsInParallel = 1;
				LastSwiftUpdateCheck = 1310;
				LastUpgradeCheck = 1310;
				TargetAttributes = {
					B645C4A1275FCDC000AE1810 = {
						CreatedOnToolsVersion = 13.1;
					};
					B645C4B6275FCDC100AE1810 = {
						CreatedOnToolsVersion = 13.1;
						TestTargetID = B645C4A1275FCDC000AE1810;
					};
					B645C4C0275FCDC200AE1810 = {
						CreatedOnToolsVersion = 13.1;
						TestTargetID = B645C4A1275FCDC000AE1810;
					};
				};
			};
			buildConfigurationList = B645C49D275FCDC000AE1810 /* Build configuration list for PBXProject "QuoteCollector" */;
			compatibilityVersion = "Xcode 13.0";
			developmentRegion = en;
			hasScannedForEncodings = 0;
			knownRegions = (
				en,
				Base,
			);
			mainGroup = B645C499275FCDC000AE1810;
			productRefGroup = B645C4A3275FCDC000AE1810 /* Products */;
			projectDirPath = "";
			projectRoot = "";
			targets = (
				B645C4A1275FCDC000AE1810 /* QuoteCollector */,
				B645C4B6275FCDC100AE1810 /* QuoteCollectorTests */,
				B645C4C0275FCDC200AE1810 /* QuoteCollectorUITests */,
			);
		};
/* End PBXProject section */

/* Begin PBXResourcesBuildPhase section */
		B645C4A0275FCDC000AE1810 /* Resources */ = {
			isa = PBXResourcesBuildPhase;
			buildActionMask = 2147483647;
			files = (
				B645C4AD275FCDC100AE1810 /* Preview Assets.xcassets in Resources */,
				B645C4AA275FCDC100AE1810 /* Assets.xcassets in Resources */,
			);
			runOnlyForDeploymentPostprocessing = 0;
		};
		B645C4B5275FCDC100AE1810 /* Resources */ = {
			isa = PBXResourcesBuildPhase;
			buildActionMask = 2147483647;
			files = (
			);
			runOnlyForDeploymentPostprocessing = 0;
		};
		B645C4BF275FCDC200AE1810 /* Resources */ = {
			isa = PBXResourcesBuildPhase;
			buildActionMask = 2147483647;
			files = (
			);
			runOnlyForDeploymentPostprocessing = 0;
		};
/* End PBXResourcesBuildPhase section */

/* Begin PBXSourcesBuildPhase section */
		B645C49E275FCDC000AE1810 /* Sources */ = {
			isa = PBXSourcesBuildPhase;
			buildActionMask = 2147483647;
			files = (
				B6F1AA2D2763F344004D054F /* QuoteSort.swift in Sources */,
				B686F6C827666EB200FC8573 /* QuoteListView.swift in Sources */,
				B645C4AF275FCDC100AE1810 /* PersistenceManager.swift in Sources */,
				B6F1AA282763EE48004D054F /* QuoteValues.swift in Sources */,
				B645C4A8275FCDC000AE1810 /* ContentView.swift in Sources */,
				B6BB64C0276FD07E00FA15F2 /* CopyQuoteView.swift in Sources */,
				B6F1AA2B2763F055004D054F /* Utility.swift in Sources */,
				B6F1AA262763ECC4004D054F /* QuoteCollectionValues.swift in Sources */,
				B687317727644B21001FE9A0 /* AddQuoteCollectionView.swift in Sources */,
				B687317527644420001FE9A0 /* AddQuoteViewModel.swift in Sources */,
				B687317B2764573D001FE9A0 /* QuoteCollectionListView.swift in Sources */,
				B687317D2764583F001FE9A0 /* SortQuoteCollectionsView.swift in Sources */,
				B686F6CA27666ED200FC8573 /* QuoteRowView.swift in Sources */,
				B6873173276443B7001FE9A0 /* AddQuoteCollectionViewModel.swift in Sources */,
				B686F6CE2766737200FC8573 /* SortQuotesView.swift in Sources */,
				B645C4ED275FEA0700AE1810 /* QuoteCollectionRowView.swift in Sources */,
				B686F6D02766745100FC8573 /* AddQuoteView.swift in Sources */,
				B645C4E2275FDEBC00AE1810 /* Quote.swift in Sources */,
				B68731792764568E001FE9A0 /* QuoteListViewModel.swift in Sources */,
				B6843A0F27664D7A00894D44 /* QuoteCollector.xcdatamodeld in Sources */,
				B686F6CC27666EE000FC8573 /* QuoteView.swift in Sources */,
				B645C4E0275FDEBC00AE1810 /* QuoteCollection.swift in Sources */,
				B6F1AA242763ECB6004D054F /* QuoteCollectionSort.swift in Sources */,
				B645C4A6275FCDC000AE1810 /* QuoteCollectorApp.swift in Sources */,
				B687317127644197001FE9A0 /* QuoteCollectionListViewModel.swift in Sources */,
			);
			runOnlyForDeploymentPostprocessing = 0;
		};
		B645C4B3275FCDC100AE1810 /* Sources */ = {
			isa = PBXSourcesBuildPhase;
			buildActionMask = 2147483647;
			files = (
				B645C4BC275FCDC200AE1810 /* QuoteCollectorTests.swift in Sources */,
			);
			runOnlyForDeploymentPostprocessing = 0;
		};
		B645C4BD275FCDC200AE1810 /* Sources */ = {
			isa = PBXSourcesBuildPhase;
			buildActionMask = 2147483647;
			files = (
				B645C4C6275FCDC200AE1810 /* QuoteCollectorUITests.swift in Sources */,
				B645C4C8275FCDC200AE1810 /* QuoteCollectorUITestsLaunchTests.swift in Sources */,
			);
			runOnlyForDeploymentPostprocessing = 0;
		};
/* End PBXSourcesBuildPhase section */

/* Begin PBXTargetDependency section */
		B645C4B9275FCDC100AE1810 /* PBXTargetDependency */ = {
			isa = PBXTargetDependency;
			target = B645C4A1275FCDC000AE1810 /* QuoteCollector */;
			targetProxy = B645C4B8275FCDC100AE1810 /* PBXContainerItemProxy */;
		};
		B645C4C3275FCDC200AE1810 /* PBXTargetDependency */ = {
			isa = PBXTargetDependency;
			target = B645C4A1275FCDC000AE1810 /* QuoteCollector */;
			targetProxy = B645C4C2275FCDC200AE1810 /* PBXContainerItemProxy */;
		};
/* End PBXTargetDependency section */

/* Begin XCBuildConfiguration section */
		B645C4C9275FCDC200AE1810 /* Debug */ = {
			isa = XCBuildConfiguration;
			buildSettings = {
				ALWAYS_SEARCH_USER_PATHS = NO;
				CLANG_ANALYZER_NONNULL = YES;
				CLANG_ANALYZER_NUMBER_OBJECT_CONVERSION = YES_AGGRESSIVE;
				CLANG_CXX_LANGUAGE_STANDARD = "gnu++17";
				CLANG_CXX_LIBRARY = "libc++";
				CLANG_ENABLE_MODULES = YES;
				CLANG_ENABLE_OBJC_ARC = YES;
				CLANG_ENABLE_OBJC_WEAK = YES;
				CLANG_WARN_BLOCK_CAPTURE_AUTORELEASING = YES;
				CLANG_WARN_BOOL_CONVERSION = YES;
				CLANG_WARN_COMMA = YES;
				CLANG_WARN_CONSTANT_CONVERSION = YES;
				CLANG_WARN_DEPRECATED_OBJC_IMPLEMENTATIONS = YES;
				CLANG_WARN_DIRECT_OBJC_ISA_USAGE = YES_ERROR;
				CLANG_WARN_DOCUMENTATION_COMMENTS = YES;
				CLANG_WARN_EMPTY_BODY = YES;
				CLANG_WARN_ENUM_CONVERSION = YES;
				CLANG_WARN_INFINITE_RECURSION = YES;
				CLANG_WARN_INT_CONVERSION = YES;
				CLANG_WARN_NON_LITERAL_NULL_CONVERSION = YES;
				CLANG_WARN_OBJC_IMPLICIT_RETAIN_SELF = YES;
				CLANG_WARN_OBJC_LITERAL_CONVERSION = YES;
				CLANG_WARN_OBJC_ROOT_CLASS = YES_ERROR;
				CLANG_WARN_QUOTED_INCLUDE_IN_FRAMEWORK_HEADER = YES;
				CLANG_WARN_RANGE_LOOP_ANALYSIS = YES;
				CLANG_WARN_STRICT_PROTOTYPES = YES;
				CLANG_WARN_SUSPICIOUS_MOVE = YES;
				CLANG_WARN_UNGUARDED_AVAILABILITY = YES_AGGRESSIVE;
				CLANG_WARN_UNREACHABLE_CODE = YES;
				CLANG_WARN__DUPLICATE_METHOD_MATCH = YES;
				COPY_PHASE_STRIP = NO;
				DEBUG_INFORMATION_FORMAT = dwarf;
				ENABLE_STRICT_OBJC_MSGSEND = YES;
				ENABLE_TESTABILITY = YES;
				GCC_C_LANGUAGE_STANDARD = gnu11;
				GCC_DYNAMIC_NO_PIC = NO;
				GCC_NO_COMMON_BLOCKS = YES;
				GCC_OPTIMIZATION_LEVEL = 0;
				GCC_PREPROCESSOR_DEFINITIONS = (
					"DEBUG=1",
					"$(inherited)",
				);
				GCC_WARN_64_TO_32_BIT_CONVERSION = YES;
				GCC_WARN_ABOUT_RETURN_TYPE = YES_ERROR;
				GCC_WARN_UNDECLARED_SELECTOR = YES;
				GCC_WARN_UNINITIALIZED_AUTOS = YES_AGGRESSIVE;
				GCC_WARN_UNUSED_FUNCTION = YES;
				GCC_WARN_UNUSED_VARIABLE = YES;
				IPHONEOS_DEPLOYMENT_TARGET = 15.0;
				MTL_ENABLE_DEBUG_INFO = INCLUDE_SOURCE;
				MTL_FAST_MATH = YES;
				ONLY_ACTIVE_ARCH = YES;
				SDKROOT = iphoneos;
				SWIFT_ACTIVE_COMPILATION_CONDITIONS = DEBUG;
				SWIFT_OPTIMIZATION_LEVEL = "-Onone";
			};
			name = Debug;
		};
		B645C4CA275FCDC200AE1810 /* Release */ = {
			isa = XCBuildConfiguration;
			buildSettings = {
				ALWAYS_SEARCH_USER_PATHS = NO;
				CLANG_ANALYZER_NONNULL = YES;
				CLANG_ANALYZER_NUMBER_OBJECT_CONVERSION = YES_AGGRESSIVE;
				CLANG_CXX_LANGUAGE_STANDARD = "gnu++17";
				CLANG_CXX_LIBRARY = "libc++";
				CLANG_ENABLE_MODULES = YES;
				CLANG_ENABLE_OBJC_ARC = YES;
				CLANG_ENABLE_OBJC_WEAK = YES;
				CLANG_WARN_BLOCK_CAPTURE_AUTORELEASING = YES;
				CLANG_WARN_BOOL_CONVERSION = YES;
				CLANG_WARN_COMMA = YES;
				CLANG_WARN_CONSTANT_CONVERSION = YES;
				CLANG_WARN_DEPRECATED_OBJC_IMPLEMENTATIONS = YES;
				CLANG_WARN_DIRECT_OBJC_ISA_USAGE = YES_ERROR;
				CLANG_WARN_DOCUMENTATION_COMMENTS = YES;
				CLANG_WARN_EMPTY_BODY = YES;
				CLANG_WARN_ENUM_CONVERSION = YES;
				CLANG_WARN_INFINITE_RECURSION = YES;
				CLANG_WARN_INT_CONVERSION = YES;
				CLANG_WARN_NON_LITERAL_NULL_CONVERSION = YES;
				CLANG_WARN_OBJC_IMPLICIT_RETAIN_SELF = YES;
				CLANG_WARN_OBJC_LITERAL_CONVERSION = YES;
				CLANG_WARN_OBJC_ROOT_CLASS = YES_ERROR;
				CLANG_WARN_QUOTED_INCLUDE_IN_FRAMEWORK_HEADER = YES;
				CLANG_WARN_RANGE_LOOP_ANALYSIS = YES;
				CLANG_WARN_STRICT_PROTOTYPES = YES;
				CLANG_WARN_SUSPICIOUS_MOVE = YES;
				CLANG_WARN_UNGUARDED_AVAILABILITY = YES_AGGRESSIVE;
				CLANG_WARN_UNREACHABLE_CODE = YES;
				CLANG_WARN__DUPLICATE_METHOD_MATCH = YES;
				COPY_PHASE_STRIP = NO;
				DEBUG_INFORMATION_FORMAT = "dwarf-with-dsym";
				ENABLE_NS_ASSERTIONS = NO;
				ENABLE_STRICT_OBJC_MSGSEND = YES;
				GCC_C_LANGUAGE_STANDARD = gnu11;
				GCC_NO_COMMON_BLOCKS = YES;
				GCC_WARN_64_TO_32_BIT_CONVERSION = YES;
				GCC_WARN_ABOUT_RETURN_TYPE = YES_ERROR;
				GCC_WARN_UNDECLARED_SELECTOR = YES;
				GCC_WARN_UNINITIALIZED_AUTOS = YES_AGGRESSIVE;
				GCC_WARN_UNUSED_FUNCTION = YES;
				GCC_WARN_UNUSED_VARIABLE = YES;
				IPHONEOS_DEPLOYMENT_TARGET = 15.0;
				MTL_ENABLE_DEBUG_INFO = NO;
				MTL_FAST_MATH = YES;
				SDKROOT = iphoneos;
				SWIFT_COMPILATION_MODE = wholemodule;
				SWIFT_OPTIMIZATION_LEVEL = "-O";
				VALIDATE_PRODUCT = YES;
			};
			name = Release;
		};
		B645C4CC275FCDC200AE1810 /* Debug */ = {
			isa = XCBuildConfiguration;
			buildSettings = {
				ASSETCATALOG_COMPILER_APPICON_NAME = AppIcon;
				ASSETCATALOG_COMPILER_GLOBAL_ACCENT_COLOR_NAME = AccentColor;
				CODE_SIGN_STYLE = Automatic;
				CURRENT_PROJECT_VERSION = 1;
				DEVELOPMENT_ASSET_PATHS = "\"QuoteCollector/Preview Content\"";
				ENABLE_PREVIEWS = YES;
				GENERATE_INFOPLIST_FILE = YES;
				INFOPLIST_FILE = QuoteCollector/Info.plist;
				INFOPLIST_KEY_UIApplicationSceneManifest_Generation = YES;
				INFOPLIST_KEY_UIApplicationSupportsIndirectInputEvents = YES;
				INFOPLIST_KEY_UISupportedInterfaceOrientations = UIInterfaceOrientationPortrait;
				INFOPLIST_KEY_UISupportedInterfaceOrientations_iPad = "UIInterfaceOrientationPortrait UIInterfaceOrientationPortraitUpsideDown UIInterfaceOrientationLandscapeLeft UIInterfaceOrientationLandscapeRight";
				INFOPLIST_KEY_UISupportedInterfaceOrientations_iPhone = "UIInterfaceOrientationPortrait UIInterfaceOrientationLandscapeLeft UIInterfaceOrientationLandscapeRight";
				LD_RUNPATH_SEARCH_PATHS = (
					"$(inherited)",
					"@executable_path/Frameworks",
				);
				MARKETING_VERSION = 1.0;
				PRODUCT_BUNDLE_IDENTIFIER = eolatham.QuoteCollector;
				PRODUCT_NAME = "$(TARGET_NAME)";
				SWIFT_EMIT_LOC_STRINGS = YES;
				SWIFT_VERSION = 5.0;
				TARGETED_DEVICE_FAMILY = "1,2";
			};
			name = Debug;
		};
		B645C4CD275FCDC200AE1810 /* Release */ = {
			isa = XCBuildConfiguration;
			buildSettings = {
				ASSETCATALOG_COMPILER_APPICON_NAME = AppIcon;
				ASSETCATALOG_COMPILER_GLOBAL_ACCENT_COLOR_NAME = AccentColor;
				CODE_SIGN_STYLE = Automatic;
				CURRENT_PROJECT_VERSION = 1;
				DEVELOPMENT_ASSET_PATHS = "\"QuoteCollector/Preview Content\"";
				ENABLE_PREVIEWS = YES;
				GENERATE_INFOPLIST_FILE = YES;
				INFOPLIST_FILE = QuoteCollector/Info.plist;
				INFOPLIST_KEY_UIApplicationSceneManifest_Generation = YES;
				INFOPLIST_KEY_UIApplicationSupportsIndirectInputEvents = YES;
				INFOPLIST_KEY_UISupportedInterfaceOrientations = UIInterfaceOrientationPortrait;
				INFOPLIST_KEY_UISupportedInterfaceOrientations_iPad = "UIInterfaceOrientationPortrait UIInterfaceOrientationPortraitUpsideDown UIInterfaceOrientationLandscapeLeft UIInterfaceOrientationLandscapeRight";
				INFOPLIST_KEY_UISupportedInterfaceOrientations_iPhone = "UIInterfaceOrientationPortrait UIInterfaceOrientationLandscapeLeft UIInterfaceOrientationLandscapeRight";
				LD_RUNPATH_SEARCH_PATHS = (
					"$(inherited)",
					"@executable_path/Frameworks",
				);
				MARKETING_VERSION = 1.0;
				PRODUCT_BUNDLE_IDENTIFIER = eolatham.QuoteCollector;
				PRODUCT_NAME = "$(TARGET_NAME)";
				SWIFT_EMIT_LOC_STRINGS = YES;
				SWIFT_VERSION = 5.0;
				TARGETED_DEVICE_FAMILY = "1,2";
			};
			name = Release;
		};
		B645C4CF275FCDC200AE1810 /* Debug */ = {
			isa = XCBuildConfiguration;
			buildSettings = {
				ALWAYS_EMBED_SWIFT_STANDARD_LIBRARIES = YES;
				BUNDLE_LOADER = "$(TEST_HOST)";
				CODE_SIGN_STYLE = Automatic;
				CURRENT_PROJECT_VERSION = 1;
				GENERATE_INFOPLIST_FILE = YES;
				IPHONEOS_DEPLOYMENT_TARGET = 15.0;
				LD_RUNPATH_SEARCH_PATHS = (
					"$(inherited)",
					"@executable_path/Frameworks",
					"@loader_path/Frameworks",
				);
				MARKETING_VERSION = 1.0;
				PRODUCT_BUNDLE_IDENTIFIER = eolatham.QuoteCollectorTests;
				PRODUCT_NAME = "$(TARGET_NAME)";
				SWIFT_EMIT_LOC_STRINGS = NO;
				SWIFT_VERSION = 5.0;
				TARGETED_DEVICE_FAMILY = "1,2";
				TEST_HOST = "$(BUILT_PRODUCTS_DIR)/QuoteCollector.app/QuoteCollector";
			};
			name = Debug;
		};
		B645C4D0275FCDC200AE1810 /* Release */ = {
			isa = XCBuildConfiguration;
			buildSettings = {
				ALWAYS_EMBED_SWIFT_STANDARD_LIBRARIES = YES;
				BUNDLE_LOADER = "$(TEST_HOST)";
				CODE_SIGN_STYLE = Automatic;
				CURRENT_PROJECT_VERSION = 1;
				GENERATE_INFOPLIST_FILE = YES;
				IPHONEOS_DEPLOYMENT_TARGET = 15.0;
				LD_RUNPATH_SEARCH_PATHS = (
					"$(inherited)",
					"@executable_path/Frameworks",
					"@loader_path/Frameworks",
				);
				MARKETING_VERSION = 1.0;
				PRODUCT_BUNDLE_IDENTIFIER = eolatham.QuoteCollectorTests;
				PRODUCT_NAME = "$(TARGET_NAME)";
				SWIFT_EMIT_LOC_STRINGS = NO;
				SWIFT_VERSION = 5.0;
				TARGETED_DEVICE_FAMILY = "1,2";
				TEST_HOST = "$(BUILT_PRODUCTS_DIR)/QuoteCollector.app/QuoteCollector";
			};
			name = Release;
		};
		B645C4D2275FCDC200AE1810 /* Debug */ = {
			isa = XCBuildConfiguration;
			buildSettings = {
				ALWAYS_EMBED_SWIFT_STANDARD_LIBRARIES = YES;
				CODE_SIGN_STYLE = Automatic;
				CURRENT_PROJECT_VERSION = 1;
				GENERATE_INFOPLIST_FILE = YES;
				LD_RUNPATH_SEARCH_PATHS = (
					"$(inherited)",
					"@executable_path/Frameworks",
					"@loader_path/Frameworks",
				);
				MARKETING_VERSION = 1.0;
				PRODUCT_BUNDLE_IDENTIFIER = eolatham.QuoteCollectorUITests;
				PRODUCT_NAME = "$(TARGET_NAME)";
				SWIFT_EMIT_LOC_STRINGS = NO;
				SWIFT_VERSION = 5.0;
				TARGETED_DEVICE_FAMILY = "1,2";
				TEST_TARGET_NAME = QuoteCollector;
			};
			name = Debug;
		};
		B645C4D3275FCDC200AE1810 /* Release */ = {
			isa = XCBuildConfiguration;
			buildSettings = {
				ALWAYS_EMBED_SWIFT_STANDARD_LIBRARIES = YES;
				CODE_SIGN_STYLE = Automatic;
				CURRENT_PROJECT_VERSION = 1;
				GENERATE_INFOPLIST_FILE = YES;
				LD_RUNPATH_SEARCH_PATHS = (
					"$(inherited)",
					"@executable_path/Frameworks",
					"@loader_path/Frameworks",
				);
				MARKETING_VERSION = 1.0;
				PRODUCT_BUNDLE_IDENTIFIER = eolatham.QuoteCollectorUITests;
				PRODUCT_NAME = "$(TARGET_NAME)";
				SWIFT_EMIT_LOC_STRINGS = NO;
				SWIFT_VERSION = 5.0;
				TARGETED_DEVICE_FAMILY = "1,2";
				TEST_TARGET_NAME = QuoteCollector;
			};
			name = Release;
		};
/* End XCBuildConfiguration section */

/* Begin XCConfigurationList section */
		B645C49D275FCDC000AE1810 /* Build configuration list for PBXProject "QuoteCollector" */ = {
			isa = XCConfigurationList;
			buildConfigurations = (
				B645C4C9275FCDC200AE1810 /* Debug */,
				B645C4CA275FCDC200AE1810 /* Release */,
			);
			defaultConfigurationIsVisible = 0;
			defaultConfigurationName = Release;
		};
		B645C4CB275FCDC200AE1810 /* Build configuration list for PBXNativeTarget "QuoteCollector" */ = {
			isa = XCConfigurationList;
			buildConfigurations = (
				B645C4CC275FCDC200AE1810 /* Debug */,
				B645C4CD275FCDC200AE1810 /* Release */,
			);
			defaultConfigurationIsVisible = 0;
			defaultConfigurationName = Release;
		};
		B645C4CE275FCDC200AE1810 /* Build configuration list for PBXNativeTarget "QuoteCollectorTests" */ = {
			isa = XCConfigurationList;
			buildConfigurations = (
				B645C4CF275FCDC200AE1810 /* Debug */,
				B645C4D0275FCDC200AE1810 /* Release */,
			);
			defaultConfigurationIsVisible = 0;
			defaultConfigurationName = Release;
		};
		B645C4D1275FCDC200AE1810 /* Build configuration list for PBXNativeTarget "QuoteCollectorUITests" */ = {
			isa = XCConfigurationList;
			buildConfigurations = (
				B645C4D2275FCDC200AE1810 /* Debug */,
				B645C4D3275FCDC200AE1810 /* Release */,
			);
			defaultConfigurationIsVisible = 0;
			defaultConfigurationName = Release;
		};
/* End XCConfigurationList section */

/* Begin XCVersionGroup section */
		B6843A0D27664D7A00894D44 /* QuoteCollector.xcdatamodeld */ = {
			isa = XCVersionGroup;
			children = (
				B6843A0E27664D7A00894D44 /* DataModel.xcdatamodel */,
			);
			currentVersion = B6843A0E27664D7A00894D44 /* DataModel.xcdatamodel */;
			path = QuoteCollector.xcdatamodeld;
			sourceTree = "<group>";
			versionGroupType = wrapper.xcdatamodel;
		};
/* End XCVersionGroup section */
	};
	rootObject = B645C49A275FCDC000AE1810 /* Project object */;
}
